{
  "name": "ptvs",
  "requires": true,
  "lockfileVersion": 1,
  "dependencies": {
    "@pylance/pylance": {
      "version": "2021.8.2-pre.1",
      "resolved": "https://pkgs.dev.azure.com/devdiv/_packaging/Pylance/npm/registry/@pylance/pylance/-/pylance-2021.8.2-pre.1.tgz",
      "integrity": "sha1-MUx1ZV2oM8eXjhcjPJg2HiYEekY=",
      "dev": true
    }
  }
}
